
Microsoft Visual Studio Solution File, Format Version 12.00
# Visual Studio 15
VisualStudioVersion = 15.0.28307.271
MinimumVisualStudioVersion = 10.0.40219.1
Project("{FAE04EC0-301F-11D3-BF4B-00C04F79EFBC}") = "back-end", "back-end\back-end.csproj", "{7C55437E-675F-40FF-A959-A6D5DC58BA5D}"
EndProject
Global
	GlobalSection(SolutionConfigurationPlatforms) = preSolution
		Debug|Any CPU = Debug|Any CPU
		Release|Any CPU = Release|Any CPU
	EndGlobalSection
	GlobalSection(ProjectConfigurationPlatforms) = postSolution
		{7C55437E-675F-40FF-A959-A6D5DC58BA5D}.Debug|Any CPU.ActiveCfg = Debug|Any CPU
		{7C55437E-675F-40FF-A959-A6D5DC58BA5D}.Debug|Any CPU.Build.0 = Debug|Any CPU
		{7C55437E-675F-40FF-A959-A6D5DC58BA5D}.Release|Any CPU.ActiveCfg = Release|Any CPU
		{7C55437E-675F-40FF-A959-A6D5DC58BA5D}.Release|Any CPU.Build.0 = Release|Any CPU
	EndGlobalSection
	GlobalSection(SolutionProperties) = preSolution
		HideSolutionNode = FALSE
	EndGlobalSection
	GlobalSection(ExtensibilityGlobals) = postSolution
		SolutionGuid = {D43449F4-69B4-4178-8EB1-48D28CF97591}
	EndGlobalSection
EndGlobal
